// !$*UTF8*$!
{
	archiveVersion = 1;
	classes = {
	};
	objectVersion = 56;
	objects = {

/* Begin PBXBuildFile section */
		7F0344A729241680006AC84F /* AppDelegate.swift in Sources */ = {isa = PBXBuildFile; fileRef = 7F0344A629241680006AC84F /* AppDelegate.swift */; };
		7F0344A929241680006AC84F /* SceneDelegate.swift in Sources */ = {isa = PBXBuildFile; fileRef = 7F0344A829241680006AC84F /* SceneDelegate.swift */; };
		7F0344B029241682006AC84F /* Assets.xcassets in Resources */ = {isa = PBXBuildFile; fileRef = 7F0344AF29241682006AC84F /* Assets.xcassets */; };
		7F0344B329241682006AC84F /* LaunchScreen.storyboard in Resources */ = {isa = PBXBuildFile; fileRef = 7F0344B129241682006AC84F /* LaunchScreen.storyboard */; };
		7F21AE77292428E200940EE5 /* FeedViewController.swift in Sources */ = {isa = PBXBuildFile; fileRef = 7F21AE76292428E200940EE5 /* FeedViewController.swift */; };
		7F21AE7B29243E3400940EE5 /* FeedNavigationBar.swift in Sources */ = {isa = PBXBuildFile; fileRef = 7F21AE7A29243E3400940EE5 /* FeedNavigationBar.swift */; };
		7F21AE7D2924516600940EE5 /* PostView.swift in Sources */ = {isa = PBXBuildFile; fileRef = 7F21AE7C2924516600940EE5 /* PostView.swift */; };
		7F4FF81F292D51BF00841D97 /* TabbarViewController.swift in Sources */ = {isa = PBXBuildFile; fileRef = 7F4FF81E292D51BF00841D97 /* TabbarViewController.swift */; };
		7F55635F29254836009B39FA /* Previews.swift in Sources */ = {isa = PBXBuildFile; fileRef = 7F55635E29254836009B39FA /* Previews.swift */; };
		7F59227C292FBB0400F408EC /* Development Assets.xcassets in Resources */ = {isa = PBXBuildFile; fileRef = 7F59227B292FBB0400F408EC /* Development Assets.xcassets */; };
		7F59227E292FE69E00F408EC /* JMButton.swift in Sources */ = {isa = PBXBuildFile; fileRef = 7F59227D292FE69E00F408EC /* JMButton.swift */; };
		7FD1CE2C2931815900CC2B41 /* ReelsViewController.swift in Sources */ = {isa = PBXBuildFile; fileRef = 7FD1CE2B2931815900CC2B41 /* ReelsViewController.swift */; };
		7FD1CE2E2931896600CC2B41 /* InstaViewController.swift in Sources */ = {isa = PBXBuildFile; fileRef = 7FD1CE2D2931896600CC2B41 /* InstaViewController.swift */; };
		7FDFC659292577AD004D92D1 /* UIViewExtension.swift in Sources */ = {isa = PBXBuildFile; fileRef = 7FDFC658292577AD004D92D1 /* UIViewExtension.swift */; };
		7FDFC65B29257E2C004D92D1 /* UIColorExtension.swift in Sources */ = {isa = PBXBuildFile; fileRef = 7FDFC65A29257E2C004D92D1 /* UIColorExtension.swift */; };
		7FDFC65D292583CA004D92D1 /* UIImageExtension.swift in Sources */ = {isa = PBXBuildFile; fileRef = 7FDFC65C292583CA004D92D1 /* UIImageExtension.swift */; };
		7FE80F00292E9A860007D027 /* UIStackViewExtension.swift in Sources */ = {isa = PBXBuildFile; fileRef = 7FE80EFF292E9A860007D027 /* UIStackViewExtension.swift */; };
		7FE80F02292ED93F0007D027 /* UICollectionViewExtension.swift in Sources */ = {isa = PBXBuildFile; fileRef = 7FE80F01292ED93F0007D027 /* UICollectionViewExtension.swift */; };
		7FE80F04292EDA020007D027 /* PostCell.swift in Sources */ = {isa = PBXBuildFile; fileRef = 7FE80F03292EDA020007D027 /* PostCell.swift */; };
/* End PBXBuildFile section */

/* Begin PBXFileReference section */
		7F0344A329241680006AC84F /* UIKitInstagram.app */ = {isa = PBXFileReference; explicitFileType = wrapper.application; includeInIndex = 0; path = UIKitInstagram.app; sourceTree = BUILT_PRODUCTS_DIR; };
		7F0344A629241680006AC84F /* AppDelegate.swift */ = {isa = PBXFileReference; lastKnownFileType = sourcecode.swift; path = AppDelegate.swift; sourceTree = "<group>"; };
		7F0344A829241680006AC84F /* SceneDelegate.swift */ = {isa = PBXFileReference; lastKnownFileType = sourcecode.swift; path = SceneDelegate.swift; sourceTree = "<group>"; };
		7F0344AF29241682006AC84F /* Assets.xcassets */ = {isa = PBXFileReference; lastKnownFileType = folder.assetcatalog; path = Assets.xcassets; sourceTree = "<group>"; };
		7F0344B229241682006AC84F /* Base */ = {isa = PBXFileReference; lastKnownFileType = file.storyboard; name = Base; path = Base.lproj/LaunchScreen.storyboard; sourceTree = "<group>"; };
		7F0344B429241682006AC84F /* Info.plist */ = {isa = PBXFileReference; lastKnownFileType = text.plist.xml; path = Info.plist; sourceTree = "<group>"; };
		7F21AE76292428E200940EE5 /* FeedViewController.swift */ = {isa = PBXFileReference; lastKnownFileType = sourcecode.swift; path = FeedViewController.swift; sourceTree = "<group>"; };
		7F21AE7A29243E3400940EE5 /* FeedNavigationBar.swift */ = {isa = PBXFileReference; lastKnownFileType = sourcecode.swift; path = FeedNavigationBar.swift; sourceTree = "<group>"; };
		7F21AE7C2924516600940EE5 /* PostView.swift */ = {isa = PBXFileReference; lastKnownFileType = sourcecode.swift; path = PostView.swift; sourceTree = "<group>"; };
		7F4FF81E292D51BF00841D97 /* TabbarViewController.swift */ = {isa = PBXFileReference; lastKnownFileType = sourcecode.swift; path = TabbarViewController.swift; sourceTree = "<group>"; };
		7F55635E29254836009B39FA /* Previews.swift */ = {isa = PBXFileReference; lastKnownFileType = sourcecode.swift; path = Previews.swift; sourceTree = "<group>"; };
		7F59227B292FBB0400F408EC /* Development Assets.xcassets */ = {isa = PBXFileReference; lastKnownFileType = folder.assetcatalog; path = "Development Assets.xcassets"; sourceTree = "<group>"; };
		7F59227D292FE69E00F408EC /* JMButton.swift */ = {isa = PBXFileReference; lastKnownFileType = sourcecode.swift; path = JMButton.swift; sourceTree = "<group>"; };
		7FD1CE2B2931815900CC2B41 /* ReelsViewController.swift */ = {isa = PBXFileReference; lastKnownFileType = sourcecode.swift; path = ReelsViewController.swift; sourceTree = "<group>"; };
		7FD1CE2D2931896600CC2B41 /* InstaViewController.swift */ = {isa = PBXFileReference; lastKnownFileType = sourcecode.swift; path = InstaViewController.swift; sourceTree = "<group>"; };
		7FDFC658292577AD004D92D1 /* UIViewExtension.swift */ = {isa = PBXFileReference; lastKnownFileType = sourcecode.swift; path = UIViewExtension.swift; sourceTree = "<group>"; };
		7FDFC65A29257E2C004D92D1 /* UIColorExtension.swift */ = {isa = PBXFileReference; lastKnownFileType = sourcecode.swift; path = UIColorExtension.swift; sourceTree = "<group>"; };
		7FDFC65C292583CA004D92D1 /* UIImageExtension.swift */ = {isa = PBXFileReference; lastKnownFileType = sourcecode.swift; path = UIImageExtension.swift; sourceTree = "<group>"; };
		7FE80EFF292E9A860007D027 /* UIStackViewExtension.swift */ = {isa = PBXFileReference; lastKnownFileType = sourcecode.swift; path = UIStackViewExtension.swift; sourceTree = "<group>"; };
		7FE80F01292ED93F0007D027 /* UICollectionViewExtension.swift */ = {isa = PBXFileReference; lastKnownFileType = sourcecode.swift; path = UICollectionViewExtension.swift; sourceTree = "<group>"; };
		7FE80F03292EDA020007D027 /* PostCell.swift */ = {isa = PBXFileReference; lastKnownFileType = sourcecode.swift; path = PostCell.swift; sourceTree = "<group>"; };
/* End PBXFileReference section */

/* Begin PBXFrameworksBuildPhase section */
		7F0344A029241680006AC84F /* Frameworks */ = {
			isa = PBXFrameworksBuildPhase;
			buildActionMask = 2147483647;
			files = (
			);
			runOnlyForDeploymentPostprocessing = 0;
		};
/* End PBXFrameworksBuildPhase section */

/* Begin PBXGroup section */
		7F03449A29241680006AC84F = {
			isa = PBXGroup;
			children = (
				7F0344A529241680006AC84F /* UIKitInstagram */,
				7F0344A429241680006AC84F /* Products */,
			);
			sourceTree = "<group>";
		};
		7F0344A429241680006AC84F /* Products */ = {
			isa = PBXGroup;
			children = (
				7F0344A329241680006AC84F /* UIKitInstagram.app */,
			);
			name = Products;
			sourceTree = "<group>";
		};
		7F0344A529241680006AC84F /* UIKitInstagram */ = {
			isa = PBXGroup;
			children = (
				7FD1CE2F2931897000CC2B41 /* Core */,
				7F0344BA292416F6006AC84F /* Application */,
				7F55635D29254813009B39FA /* Utilities */,
				7F21AE75292428C200940EE5 /* Modules */,
			);
			path = UIKitInstagram;
			sourceTree = "<group>";
		};
		7F0344BA292416F6006AC84F /* Application */ = {
			isa = PBXGroup;
			children = (
				7F0344B429241682006AC84F /* Info.plist */,
				7F0344AF29241682006AC84F /* Assets.xcassets */,
				7F59227B292FBB0400F408EC /* Development Assets.xcassets */,
				7F0344B129241682006AC84F /* LaunchScreen.storyboard */,
				7F0344A629241680006AC84F /* AppDelegate.swift */,
				7F0344A829241680006AC84F /* SceneDelegate.swift */,
			);
			path = Application;
			sourceTree = "<group>";
		};
		7F21AE75292428C200940EE5 /* Modules */ = {
			isa = PBXGroup;
			children = (
				7FD1CE2A2931805400CC2B41 /* Reels */,
				7F21AE7829243E0D00940EE5 /* Feed */,
			);
			path = Modules;
			sourceTree = "<group>";
		};
		7F21AE7829243E0D00940EE5 /* Feed */ = {
			isa = PBXGroup;
			children = (
				7F21AE7929243E1A00940EE5 /* Views */,
				7F21AE76292428E200940EE5 /* FeedViewController.swift */,
			);
			path = Feed;
			sourceTree = "<group>";
		};
		7F21AE7929243E1A00940EE5 /* Views */ = {
			isa = PBXGroup;
			children = (
				7F21AE7A29243E3400940EE5 /* FeedNavigationBar.swift */,
				7F21AE7C2924516600940EE5 /* PostView.swift */,
				7FE80F03292EDA020007D027 /* PostCell.swift */,
			);
			path = Views;
			sourceTree = "<group>";
		};
		7F4FF820292D51FE00841D97 /* Tabbar */ = {
			isa = PBXGroup;
			children = (
				7F4FF81E292D51BF00841D97 /* TabbarViewController.swift */,
			);
			path = Tabbar;
			sourceTree = "<group>";
		};
		7F4FF821292D526B00841D97 /* UI */ = {
			isa = PBXGroup;
			children = (
				7F4FF820292D51FE00841D97 /* Tabbar */,
				7F59227D292FE69E00F408EC /* JMButton.swift */,
			);
			path = UI;
			sourceTree = "<group>";
		};
		7F55635D29254813009B39FA /* Utilities */ = {
			isa = PBXGroup;
			children = (
				7F4FF821292D526B00841D97 /* UI */,
				7FDFC655292576FC004D92D1 /* Extensions */,
				7F55635E29254836009B39FA /* Previews.swift */,
			);
			path = Utilities;
			sourceTree = "<group>";
		};
		7FD1CE2A2931805400CC2B41 /* Reels */ = {
			isa = PBXGroup;
			children = (
				7FD1CE2B2931815900CC2B41 /* ReelsViewController.swift */,
			);
			path = Reels;
			sourceTree = "<group>";
		};
		7FD1CE2F2931897000CC2B41 /* Core */ = {
			isa = PBXGroup;
			children = (
				7FD1CE2D2931896600CC2B41 /* InstaViewController.swift */,
			);
			path = Core;
			sourceTree = "<group>";
		};
		7FDFC655292576FC004D92D1 /* Extensions */ = {
			isa = PBXGroup;
			children = (
				7FDFC658292577AD004D92D1 /* UIViewExtension.swift */,
				7FDFC65A29257E2C004D92D1 /* UIColorExtension.swift */,
				7FDFC65C292583CA004D92D1 /* UIImageExtension.swift */,
				7FE80EFF292E9A860007D027 /* UIStackViewExtension.swift */,
				7FE80F01292ED93F0007D027 /* UICollectionViewExtension.swift */,
			);
			path = Extensions;
			sourceTree = "<group>";
		};
/* End PBXGroup section */

/* Begin PBXNativeTarget section */
		7F0344A229241680006AC84F /* UIKitInstagram */ = {
			isa = PBXNativeTarget;
			buildConfigurationList = 7F0344B729241682006AC84F /* Build configuration list for PBXNativeTarget "UIKitInstagram" */;
			buildPhases = (
				7F03449F29241680006AC84F /* Sources */,
				7F0344A029241680006AC84F /* Frameworks */,
				7F0344A129241680006AC84F /* Resources */,
			);
			buildRules = (
			);
			dependencies = (
			);
			name = UIKitInstagram;
			packageProductDependencies = (
			);
			productName = InstaClone;
			productReference = 7F0344A329241680006AC84F /* UIKitInstagram.app */;
			productType = "com.apple.product-type.application";
		};
/* End PBXNativeTarget section */

/* Begin PBXProject section */
		7F03449B29241680006AC84F /* Project object */ = {
			isa = PBXProject;
			attributes = {
				BuildIndependentTargetsInParallel = 1;
				LastSwiftUpdateCheck = 1410;
				LastUpgradeCheck = 1410;
				TargetAttributes = {
					7F0344A229241680006AC84F = {
						CreatedOnToolsVersion = 14.1;
					};
				};
			};
			buildConfigurationList = 7F03449E29241680006AC84F /* Build configuration list for PBXProject "UIKitInstagram" */;
			compatibilityVersion = "Xcode 14.0";
			developmentRegion = en;
			hasScannedForEncodings = 0;
			knownRegions = (
				en,
				Base,
			);
			mainGroup = 7F03449A29241680006AC84F;
			packageReferences = (
			);
			productRefGroup = 7F0344A429241680006AC84F /* Products */;
			projectDirPath = "";
			projectRoot = "";
			targets = (
				7F0344A229241680006AC84F /* UIKitInstagram */,
			);
		};
/* End PBXProject section */

/* Begin PBXResourcesBuildPhase section */
		7F0344A129241680006AC84F /* Resources */ = {
			isa = PBXResourcesBuildPhase;
			buildActionMask = 2147483647;
			files = (
				7F0344B329241682006AC84F /* LaunchScreen.storyboard in Resources */,
				7F0344B029241682006AC84F /* Assets.xcassets in Resources */,
				7F59227C292FBB0400F408EC /* Development Assets.xcassets in Resources */,
			);
			runOnlyForDeploymentPostprocessing = 0;
		};
/* End PBXResourcesBuildPhase section */

/* Begin PBXSourcesBuildPhase section */
		7F03449F29241680006AC84F /* Sources */ = {
			isa = PBXSourcesBuildPhase;
			buildActionMask = 2147483647;
			files = (
				7F0344A729241680006AC84F /* AppDelegate.swift in Sources */,
				7FD1CE2C2931815900CC2B41 /* ReelsViewController.swift in Sources */,
				7FD1CE2E2931896600CC2B41 /* InstaViewController.swift in Sources */,
				7FE80F00292E9A860007D027 /* UIStackViewExtension.swift in Sources */,
				7F59227E292FE69E00F408EC /* JMButton.swift in Sources */,
				7F21AE77292428E200940EE5 /* FeedViewController.swift in Sources */,
				7FE80F02292ED93F0007D027 /* UICollectionViewExtension.swift in Sources */,
				7F0344A929241680006AC84F /* SceneDelegate.swift in Sources */,
				7F4FF81F292D51BF00841D97 /* TabbarViewController.swift in Sources */,
				7FDFC65D292583CA004D92D1 /* UIImageExtension.swift in Sources */,
				7FE80F04292EDA020007D027 /* PostCell.swift in Sources */,
				7F21AE7D2924516600940EE5 /* PostView.swift in Sources */,
				7FDFC65B29257E2C004D92D1 /* UIColorExtension.swift in Sources */,
				7F55635F29254836009B39FA /* Previews.swift in Sources */,
				7FDFC659292577AD004D92D1 /* UIViewExtension.swift in Sources */,
				7F21AE7B29243E3400940EE5 /* FeedNavigationBar.swift in Sources */,
			);
			runOnlyForDeploymentPostprocessing = 0;
		};
/* End PBXSourcesBuildPhase section */

/* Begin PBXVariantGroup section */
		7F0344B129241682006AC84F /* LaunchScreen.storyboard */ = {
			isa = PBXVariantGroup;
			children = (
				7F0344B229241682006AC84F /* Base */,
			);
			name = LaunchScreen.storyboard;
			sourceTree = "<group>";
		};
/* End PBXVariantGroup section */

/* Begin XCBuildConfiguration section */
		7F0344B529241682006AC84F /* Debug */ = {
			isa = XCBuildConfiguration;
			buildSettings = {
				ALWAYS_SEARCH_USER_PATHS = NO;
				CLANG_ANALYZER_NONNULL = YES;
				CLANG_ANALYZER_NUMBER_OBJECT_CONVERSION = YES_AGGRESSIVE;
				CLANG_CXX_LANGUAGE_STANDARD = "gnu++20";
				CLANG_ENABLE_MODULES = YES;
				CLANG_ENABLE_OBJC_ARC = YES;
				CLANG_ENABLE_OBJC_WEAK = YES;
				CLANG_WARN_BLOCK_CAPTURE_AUTORELEASING = YES;
				CLANG_WARN_BOOL_CONVERSION = YES;
				CLANG_WARN_COMMA = YES;
				CLANG_WARN_CONSTANT_CONVERSION = YES;
				CLANG_WARN_DEPRECATED_OBJC_IMPLEMENTATIONS = YES;
				CLANG_WARN_DIRECT_OBJC_ISA_USAGE = YES_ERROR;
				CLANG_WARN_DOCUMENTATION_COMMENTS = YES;
				CLANG_WARN_EMPTY_BODY = YES;
				CLANG_WARN_ENUM_CONVERSION = YES;
				CLANG_WARN_INFINITE_RECURSION = YES;
				CLANG_WARN_INT_CONVERSION = YES;
				CLANG_WARN_NON_LITERAL_NULL_CONVERSION = YES;
				CLANG_WARN_OBJC_IMPLICIT_RETAIN_SELF = YES;
				CLANG_WARN_OBJC_LITERAL_CONVERSION = YES;
				CLANG_WARN_OBJC_ROOT_CLASS = YES_ERROR;
				CLANG_WARN_QUOTED_INCLUDE_IN_FRAMEWORK_HEADER = YES;
				CLANG_WARN_RANGE_LOOP_ANALYSIS = YES;
				CLANG_WARN_STRICT_PROTOTYPES = YES;
				CLANG_WARN_SUSPICIOUS_MOVE = YES;
				CLANG_WARN_UNGUARDED_AVAILABILITY = YES_AGGRESSIVE;
				CLANG_WARN_UNREACHABLE_CODE = YES;
				CLANG_WARN__DUPLICATE_METHOD_MATCH = YES;
				COPY_PHASE_STRIP = NO;
				DEBUG_INFORMATION_FORMAT = dwarf;
				ENABLE_STRICT_OBJC_MSGSEND = YES;
				ENABLE_TESTABILITY = YES;
				GCC_C_LANGUAGE_STANDARD = gnu11;
				GCC_DYNAMIC_NO_PIC = NO;
				GCC_NO_COMMON_BLOCKS = YES;
				GCC_OPTIMIZATION_LEVEL = 0;
				GCC_PREPROCESSOR_DEFINITIONS = (
					"DEBUG=1",
					"$(inherited)",
				);
				GCC_WARN_64_TO_32_BIT_CONVERSION = YES;
				GCC_WARN_ABOUT_RETURN_TYPE = YES_ERROR;
				GCC_WARN_UNDECLARED_SELECTOR = YES;
				GCC_WARN_UNINITIALIZED_AUTOS = YES_AGGRESSIVE;
				GCC_WARN_UNUSED_FUNCTION = YES;
				GCC_WARN_UNUSED_VARIABLE = YES;
				IPHONEOS_DEPLOYMENT_TARGET = 16.1;
				MTL_ENABLE_DEBUG_INFO = INCLUDE_SOURCE;
				MTL_FAST_MATH = YES;
				ONLY_ACTIVE_ARCH = YES;
				SDKROOT = iphoneos;
				SWIFT_ACTIVE_COMPILATION_CONDITIONS = DEBUG;
				SWIFT_OPTIMIZATION_LEVEL = "-Onone";
			};
			name = Debug;
		};
		7F0344B629241682006AC84F /* Release */ = {
			isa = XCBuildConfiguration;
			buildSettings = {
				ALWAYS_SEARCH_USER_PATHS = NO;
				CLANG_ANALYZER_NONNULL = YES;
				CLANG_ANALYZER_NUMBER_OBJECT_CONVERSION = YES_AGGRESSIVE;
				CLANG_CXX_LANGUAGE_STANDARD = "gnu++20";
				CLANG_ENABLE_MODULES = YES;
				CLANG_ENABLE_OBJC_ARC = YES;
				CLANG_ENABLE_OBJC_WEAK = YES;
				CLANG_WARN_BLOCK_CAPTURE_AUTORELEASING = YES;
				CLANG_WARN_BOOL_CONVERSION = YES;
				CLANG_WARN_COMMA = YES;
				CLANG_WARN_CONSTANT_CONVERSION = YES;
				CLANG_WARN_DEPRECATED_OBJC_IMPLEMENTATIONS = YES;
				CLANG_WARN_DIRECT_OBJC_ISA_USAGE = YES_ERROR;
				CLANG_WARN_DOCUMENTATION_COMMENTS = YES;
				CLANG_WARN_EMPTY_BODY = YES;
				CLANG_WARN_ENUM_CONVERSION = YES;
				CLANG_WARN_INFINITE_RECURSION = YES;
				CLANG_WARN_INT_CONVERSION = YES;
				CLANG_WARN_NON_LITERAL_NULL_CONVERSION = YES;
				CLANG_WARN_OBJC_IMPLICIT_RETAIN_SELF = YES;
				CLANG_WARN_OBJC_LITERAL_CONVERSION = YES;
				CLANG_WARN_OBJC_ROOT_CLASS = YES_ERROR;
				CLANG_WARN_QUOTED_INCLUDE_IN_FRAMEWORK_HEADER = YES;
				CLANG_WARN_RANGE_LOOP_ANALYSIS = YES;
				CLANG_WARN_STRICT_PROTOTYPES = YES;
				CLANG_WARN_SUSPICIOUS_MOVE = YES;
				CLANG_WARN_UNGUARDED_AVAILABILITY = YES_AGGRESSIVE;
				CLANG_WARN_UNREACHABLE_CODE = YES;
				CLANG_WARN__DUPLICATE_METHOD_MATCH = YES;
				COPY_PHASE_STRIP = NO;
				DEBUG_INFORMATION_FORMAT = "dwarf-with-dsym";
				ENABLE_NS_ASSERTIONS = NO;
				ENABLE_STRICT_OBJC_MSGSEND = YES;
				GCC_C_LANGUAGE_STANDARD = gnu11;
				GCC_NO_COMMON_BLOCKS = YES;
				GCC_WARN_64_TO_32_BIT_CONVERSION = YES;
				GCC_WARN_ABOUT_RETURN_TYPE = YES_ERROR;
				GCC_WARN_UNDECLARED_SELECTOR = YES;
				GCC_WARN_UNINITIALIZED_AUTOS = YES_AGGRESSIVE;
				GCC_WARN_UNUSED_FUNCTION = YES;
				GCC_WARN_UNUSED_VARIABLE = YES;
				IPHONEOS_DEPLOYMENT_TARGET = 16.1;
				MTL_ENABLE_DEBUG_INFO = NO;
				MTL_FAST_MATH = YES;
				SDKROOT = iphoneos;
				SWIFT_COMPILATION_MODE = wholemodule;
				SWIFT_OPTIMIZATION_LEVEL = "-O";
				VALIDATE_PRODUCT = YES;
			};
			name = Release;
		};
		7F0344B829241682006AC84F /* Debug */ = {
			isa = XCBuildConfiguration;
			buildSettings = {
				ASSETCATALOG_COMPILER_APPICON_NAME = AppIcon;
				ASSETCATALOG_COMPILER_GLOBAL_ACCENT_COLOR_NAME = AccentColor;
				CODE_SIGN_STYLE = Automatic;
				CURRENT_PROJECT_VERSION = 1;
				DEVELOPMENT_ASSET_PATHS = "UIKitInstagram/Application/Development\\ Assets.xcassets UIKitInstagram/Utilities/Previews.swift";
				DEVELOPMENT_TEAM = 35YSZ37LA7;
				GENERATE_INFOPLIST_FILE = YES;
				INFOPLIST_FILE = UIKitInstagram/Application/Info.plist;
				INFOPLIST_KEY_UIApplicationSupportsIndirectInputEvents = YES;
				INFOPLIST_KEY_UILaunchStoryboardName = LaunchScreen.storyboard;
				INFOPLIST_KEY_UISupportedInterfaceOrientations_iPad = "UIInterfaceOrientationPortrait UIInterfaceOrientationPortraitUpsideDown UIInterfaceOrientationLandscapeLeft UIInterfaceOrientationLandscapeRight";
				INFOPLIST_KEY_UISupportedInterfaceOrientations_iPhone = "UIInterfaceOrientationPortrait UIInterfaceOrientationLandscapeLeft UIInterfaceOrientationLandscapeRight";
				IPHONEOS_DEPLOYMENT_TARGET = 15.0;
				LD_RUNPATH_SEARCH_PATHS = (
					"$(inherited)",
					"@executable_path/Frameworks",
				);
				MARKETING_VERSION = 1.0;
				PRODUCT_BUNDLE_IDENTIFIER = br.com.josedev.InstaClone;
				PRODUCT_NAME = "$(TARGET_NAME)";
				SWIFT_EMIT_LOC_STRINGS = YES;
				SWIFT_VERSION = 5.0;
				TARGETED_DEVICE_FAMILY = "1,2";
			};
			name = Debug;
		};
		7F0344B929241682006AC84F /* Release */ = {
			isa = XCBuildConfiguration;
			buildSettings = {
				ASSETCATALOG_COMPILER_APPICON_NAME = AppIcon;
				ASSETCATALOG_COMPILER_GLOBAL_ACCENT_COLOR_NAME = AccentColor;
				CODE_SIGN_STYLE = Automatic;
				CURRENT_PROJECT_VERSION = 1;
				DEVELOPMENT_ASSET_PATHS = "UIKitInstagram/Application/Development\\ Assets.xcassets UIKitInstagram/Utilities/Previews.swift";
				DEVELOPMENT_TEAM = 35YSZ37LA7;
				GENERATE_INFOPLIST_FILE = YES;
				INFOPLIST_FILE = UIKitInstagram/Application/Info.plist;
				INFOPLIST_KEY_UIApplicationSupportsIndirectInputEvents = YES;
				INFOPLIST_KEY_UILaunchStoryboardName = LaunchScreen.storyboard;
				INFOPLIST_KEY_UISupportedInterfaceOrientations_iPad = "UIInterfaceOrientationPortrait UIInterfaceOrientationPortraitUpsideDown UIInterfaceOrientationLandscapeLeft UIInterfaceOrientationLandscapeRight";
				INFOPLIST_KEY_UISupportedInterfaceOrientations_iPhone = "UIInterfaceOrientationPortrait UIInterfaceOrientationLandscapeLeft UIInterfaceOrientationLandscapeRight";
				IPHONEOS_DEPLOYMENT_TARGET = 15.0;
				LD_RUNPATH_SEARCH_PATHS = (
					"$(inherited)",
					"@executable_path/Frameworks",
				);
				MARKETING_VERSION = 1.0;
				PRODUCT_BUNDLE_IDENTIFIER = br.com.josedev.InstaClone;
				PRODUCT_NAME = "$(TARGET_NAME)";
				SWIFT_EMIT_LOC_STRINGS = YES;
				SWIFT_VERSION = 5.0;
				TARGETED_DEVICE_FAMILY = "1,2";
			};
			name = Release;
		};
/* End XCBuildConfiguration section */

/* Begin XCConfigurationList section */
		7F03449E29241680006AC84F /* Build configuration list for PBXProject "UIKitInstagram" */ = {
			isa = XCConfigurationList;
			buildConfigurations = (
				7F0344B529241682006AC84F /* Debug */,
				7F0344B629241682006AC84F /* Release */,
			);
			defaultConfigurationIsVisible = 0;
			defaultConfigurationName = Release;
		};
		7F0344B729241682006AC84F /* Build configuration list for PBXNativeTarget "UIKitInstagram" */ = {
			isa = XCConfigurationList;
			buildConfigurations = (
				7F0344B829241682006AC84F /* Debug */,
				7F0344B929241682006AC84F /* Release */,
			);
			defaultConfigurationIsVisible = 0;
			defaultConfigurationName = Release;
		};
/* End XCConfigurationList section */
	};
	rootObject = 7F03449B29241680006AC84F /* Project object */;
}
